{
  "lib/creator-token-standards": {
    "rev": "980a63b33591d568b6e04b45f37deba05a55f787"
  },
  "lib/openzeppelin-contracts": {
    "tag": {
      "name": "v5.5.0",
      "rev": "fcbae5394ae8ad52d8e580a3477db99814b9d565"
    }
  },
  "lib/openzeppelin-contracts-v4": {
    "tag": {
      "name": "v4.8.3",
      "rev": "0a25c1940ca220686588c4af3ec526f725fe2582"
    }
  }
}